# This file is automatically @generated by Cargo.
# It is not intended for manual editing.
version = 3

[[package]]
name = "cli"
version = "0.1.0"
dependencies = [
 "dungeon",
 "encounter",
]

[[package]]
name = "dungeon"
version = "0.1.0"

[[package]]
name = "encounter"
version = "0.1.0"
dependencies = [
 "dungeon",
]
